
Microsoft Visual Studio Solution File, Format Version 12.00
# Visual Studio 15
VisualStudioVersion = 15.0.28010.2046
MinimumVisualStudioVersion = 10.0.40219.1
Project("{888888A0-9F3D-457C-B088-3A5042F75D52}") = "knapsack", "knapsack.pyproj", "{D0155C48-F227-46CB-A7C6-ADCC7DDCEBB6}"
EndProject
Global
	GlobalSection(SolutionConfigurationPlatforms) = preSolution
		Debug|Any CPU = Debug|Any CPU
		Release|Any CPU = Release|Any CPU
	EndGlobalSection
	GlobalSection(ProjectConfigurationPlatforms) = postSolution
		{D0155C48-F227-46CB-A7C6-ADCC7DDCEBB6}.Debug|Any CPU.ActiveCfg = Debug|Any CPU
		{D0155C48-F227-46CB-A7C6-ADCC7DDCEBB6}.Release|Any CPU.ActiveCfg = Release|Any CPU
	EndGlobalSection
	GlobalSection(SolutionProperties) = preSolution
		HideSolutionNode = FALSE
	EndGlobalSection
	GlobalSection(ExtensibilityGlobals) = postSolution
		SolutionGuid = {108CC99E-9A0C-4F66-8446-F8FB1B74A871}
	EndGlobalSection
EndGlobal
